
Microsoft Visual Studio Solution File, Format Version 12.00
# Visual Studio Version 16
VisualStudioVersion = 16.0.29418.71
MinimumVisualStudioVersion = 10.0.40219.1
Project("{FAE04EC0-301F-11D3-BF4B-00C04F79EFBC}") = "ToDoList.UWP", "ToDoList\ToDoList.UWP\ToDoList.UWP.csproj", "{B1395530-0909-47AE-85C8-79CA937AD8ED}"
EndProject
Project("{FAE04EC0-301F-11D3-BF4B-00C04F79EFBC}") = "ToDoList.Android", "ToDoList\ToDoList.Android\ToDoList.Android.csproj", "{8263C998-9361-4C79-AE96-98E616E63651}"
EndProject
Project("{FAE04EC0-301F-11D3-BF4B-00C04F79EFBC}") = "ToDoList.iOS", "ToDoList\ToDoList.iOS\ToDoList.iOS.csproj", "{E2ABE20B-89B0-4465-AB37-4ACDD297E0DC}"
EndProject
Project("{FAE04EC0-301F-11D3-BF4B-00C04F79EFBC}") = "ToDoList", "ToDoList\ToDoList\ToDoList.csproj", "{CBD1F2FA-B204-4147-B259-CB32B64F5D8B}"
EndProject
Global
	GlobalSection(SolutionConfigurationPlatforms) = preSolution
		Debug|Any CPU = Debug|Any CPU
		Debug|ARM = Debug|ARM
		Debug|iPhone = Debug|iPhone
		Debug|iPhoneSimulator = Debug|iPhoneSimulator
		Debug|x64 = Debug|x64
		Debug|x86 = Debug|x86
		Release|Any CPU = Release|Any CPU
		Release|ARM = Release|ARM
		Release|iPhone = Release|iPhone
		Release|iPhoneSimulator = Release|iPhoneSimulator
		Release|x64 = Release|x64
		Release|x86 = Release|x86
	EndGlobalSection
	GlobalSection(ProjectConfigurationPlatforms) = postSolution
		{B1395530-0909-47AE-85C8-79CA937AD8ED}.Debug|Any CPU.ActiveCfg = Debug|x86
		{B1395530-0909-47AE-85C8-79CA937AD8ED}.Debug|Any CPU.Build.0 = Debug|x86
		{B1395530-0909-47AE-85C8-79CA937AD8ED}.Debug|Any CPU.Deploy.0 = Debug|x86
		{B1395530-0909-47AE-85C8-79CA937AD8ED}.Debug|ARM.ActiveCfg = Debug|ARM
		{B1395530-0909-47AE-85C8-79CA937AD8ED}.Debug|ARM.Build.0 = Debug|ARM
		{B1395530-0909-47AE-85C8-79CA937AD8ED}.Debug|ARM.Deploy.0 = Debug|ARM
		{B1395530-0909-47AE-85C8-79CA937AD8ED}.Debug|iPhone.ActiveCfg = Debug|x86
		{B1395530-0909-47AE-85C8-79CA937AD8ED}.Debug|iPhone.Build.0 = Debug|x86
		{B1395530-0909-47AE-85C8-79CA937AD8ED}.Debug|iPhone.Deploy.0 = Debug|x86
		{B1395530-0909-47AE-85C8-79CA937AD8ED}.Debug|iPhoneSimulator.ActiveCfg = Debug|x86
		{B1395530-0909-47AE-85C8-79CA937AD8ED}.Debug|iPhoneSimulator.Build.0 = Debug|x86
		{B1395530-0909-47AE-85C8-79CA937AD8ED}.Debug|iPhoneSimulator.Deploy.0 = Debug|x86
		{B1395530-0909-47AE-85C8-79CA937AD8ED}.Debug|x64.ActiveCfg = Debug|x64
		{B1395530-0909-47AE-85C8-79CA937AD8ED}.Debug|x64.Build.0 = Debug|x64
		{B1395530-0909-47AE-85C8-79CA937AD8ED}.Debug|x64.Deploy.0 = Debug|x64
		{B1395530-0909-47AE-85C8-79CA937AD8ED}.Debug|x86.ActiveCfg = Debug|x86
		{B1395530-0909-47AE-85C8-79CA937AD8ED}.Debug|x86.Build.0 = Debug|x86
		{B1395530-0909-47AE-85C8-79CA937AD8ED}.Debug|x86.Deploy.0 = Debug|x86
		{B1395530-0909-47AE-85C8-79CA937AD8ED}.Release|Any CPU.ActiveCfg = Release|x86
		{B1395530-0909-47AE-85C8-79CA937AD8ED}.Release|Any CPU.Build.0 = Release|x86
		{B1395530-0909-47AE-85C8-79CA937AD8ED}.Release|Any CPU.Deploy.0 = Release|x86
		{B1395530-0909-47AE-85C8-79CA937AD8ED}.Release|ARM.ActiveCfg = Release|ARM
		{B1395530-0909-47AE-85C8-79CA937AD8ED}.Release|ARM.Build.0 = Release|ARM
		{B1395530-0909-47AE-85C8-79CA937AD8ED}.Release|ARM.Deploy.0 = Release|ARM
		{B1395530-0909-47AE-85C8-79CA937AD8ED}.Release|iPhone.ActiveCfg = Release|x86
		{B1395530-0909-47AE-85C8-79CA937AD8ED}.Release|iPhone.Build.0 = Release|x86
		{B1395530-0909-47AE-85C8-79CA937AD8ED}.Release|iPhone.Deploy.0 = Release|x86
		{B1395530-0909-47AE-85C8-79CA937AD8ED}.Release|iPhoneSimulator.ActiveCfg = Release|x86
		{B1395530-0909-47AE-85C8-79CA937AD8ED}.Release|iPhoneSimulator.Build.0 = Release|x86
		{B1395530-0909-47AE-85C8-79CA937AD8ED}.Release|iPhoneSimulator.Deploy.0 = Release|x86
		{B1395530-0909-47AE-85C8-79CA937AD8ED}.Release|x64.ActiveCfg = Release|x64
		{B1395530-0909-47AE-85C8-79CA937AD8ED}.Release|x64.Build.0 = Release|x64
		{B1395530-0909-47AE-85C8-79CA937AD8ED}.Release|x64.Deploy.0 = Release|x64
		{B1395530-0909-47AE-85C8-79CA937AD8ED}.Release|x86.ActiveCfg = Release|x86
		{B1395530-0909-47AE-85C8-79CA937AD8ED}.Release|x86.Build.0 = Release|x86
		{B1395530-0909-47AE-85C8-79CA937AD8ED}.Release|x86.Deploy.0 = Release|x86
		{8263C998-9361-4C79-AE96-98E616E63651}.Debug|Any CPU.ActiveCfg = Debug|Any CPU
		{8263C998-9361-4C79-AE96-98E616E63651}.Debug|Any CPU.Build.0 = Debug|Any CPU
		{8263C998-9361-4C79-AE96-98E616E63651}.Debug|Any CPU.Deploy.0 = Debug|Any CPU
		{8263C998-9361-4C79-AE96-98E616E63651}.Debug|ARM.ActiveCfg = Debug|Any CPU
		{8263C998-9361-4C79-AE96-98E616E63651}.Debug|ARM.Build.0 = Debug|Any CPU
		{8263C998-9361-4C79-AE96-98E616E63651}.Debug|ARM.Deploy.0 = Debug|Any CPU
		{8263C998-9361-4C79-AE96-98E616E63651}.Debug|iPhone.ActiveCfg = Debug|Any CPU
		{8263C998-9361-4C79-AE96-98E616E63651}.Debug|iPhone.Build.0 = Debug|Any CPU
		{8263C998-9361-4C79-AE96-98E616E63651}.Debug|iPhone.Deploy.0 = Debug|Any CPU
		{8263C998-9361-4C79-AE96-98E616E63651}.Debug|iPhoneSimulator.ActiveCfg = Debug|Any CPU
		{8263C998-9361-4C79-AE96-98E616E63651}.Debug|iPhoneSimulator.Build.0 = Debug|Any CPU
		{8263C998-9361-4C79-AE96-98E616E63651}.Debug|iPhoneSimulator.Deploy.0 = Debug|Any CPU
		{8263C998-9361-4C79-AE96-98E616E63651}.Debug|x64.ActiveCfg = Debug|Any CPU
		{8263C998-9361-4C79-AE96-98E616E63651}.Debug|x64.Build.0 = Debug|Any CPU
		{8263C998-9361-4C79-AE96-98E616E63651}.Debug|x64.Deploy.0 = Debug|Any CPU
		{8263C998-9361-4C79-AE96-98E616E63651}.Debug|x86.ActiveCfg = Debug|Any CPU
		{8263C998-9361-4C79-AE96-98E616E63651}.Debug|x86.Build.0 = Debug|Any CPU
		{8263C998-9361-4C79-AE96-98E616E63651}.Debug|x86.Deploy.0 = Debug|Any CPU
		{8263C998-9361-4C79-AE96-98E616E63651}.Release|Any CPU.ActiveCfg = Release|Any CPU
		{8263C998-9361-4C79-AE96-98E616E63651}.Release|Any CPU.Build.0 = Release|Any CPU
		{8263C998-9361-4C79-AE96-98E616E63651}.Release|Any CPU.Deploy.0 = Release|Any CPU
		{8263C998-9361-4C79-AE96-98E616E63651}.Release|ARM.ActiveCfg = Release|Any CPU
		{8263C998-9361-4C79-AE96-98E616E63651}.Release|ARM.Build.0 = Release|Any CPU
		{8263C998-9361-4C79-AE96-98E616E63651}.Release|ARM.Deploy.0 = Release|Any CPU
		{8263C998-9361-4C79-AE96-98E616E63651}.Release|iPhone.ActiveCfg = Release|Any CPU
		{8263C998-9361-4C79-AE96-98E616E63651}.Release|iPhone.Build.0 = Release|Any CPU
		{8263C998-9361-4C79-AE96-98E616E63651}.Release|iPhone.Deploy.0 = Release|Any CPU
		{8263C998-9361-4C79-AE96-98E616E63651}.Release|iPhoneSimulator.ActiveCfg = Release|Any CPU
		{8263C998-9361-4C79-AE96-98E616E63651}.Release|iPhoneSimulator.Build.0 = Release|Any CPU
		{8263C998-9361-4C79-AE96-98E616E63651}.Release|iPhoneSimulator.Deploy.0 = Release|Any CPU
		{8263C998-9361-4C79-AE96-98E616E63651}.Release|x64.ActiveCfg = Release|Any CPU
		{8263C998-9361-4C79-AE96-98E616E63651}.Release|x64.Build.0 = Release|Any CPU
		{8263C998-9361-4C79-AE96-98E616E63651}.Release|x64.Deploy.0 = Release|Any CPU
		{8263C998-9361-4C79-AE96-98E616E63651}.Release|x86.ActiveCfg = Release|Any CPU
		{8263C998-9361-4C79-AE96-98E616E63651}.Release|x86.Build.0 = Release|Any CPU
		{8263C998-9361-4C79-AE96-98E616E63651}.Release|x86.Deploy.0 = Release|Any CPU
		{E2ABE20B-89B0-4465-AB37-4ACDD297E0DC}.Debug|Any CPU.ActiveCfg = Debug|iPhone
		{E2ABE20B-89B0-4465-AB37-4ACDD297E0DC}.Debug|Any CPU.Build.0 = Debug|iPhone
		{E2ABE20B-89B0-4465-AB37-4ACDD297E0DC}.Debug|Any CPU.Deploy.0 = Debug|iPhone
		{E2ABE20B-89B0-4465-AB37-4ACDD297E0DC}.Debug|ARM.ActiveCfg = Debug|iPhoneSimulator
		{E2ABE20B-89B0-4465-AB37-4ACDD297E0DC}.Debug|ARM.Build.0 = Debug|iPhoneSimulator
		{E2ABE20B-89B0-4465-AB37-4ACDD297E0DC}.Debug|ARM.Deploy.0 = Debug|iPhoneSimulator
		{E2ABE20B-89B0-4465-AB37-4ACDD297E0DC}.Debug|iPhone.ActiveCfg = Debug|iPhone
		{E2ABE20B-89B0-4465-AB37-4ACDD297E0DC}.Debug|iPhone.Build.0 = Debug|iPhone
		{E2ABE20B-89B0-4465-AB37-4ACDD297E0DC}.Debug|iPhone.Deploy.0 = Debug|iPhone
		{E2ABE20B-89B0-4465-AB37-4ACDD297E0DC}.Debug|iPhoneSimulator.ActiveCfg = Debug|iPhoneSimulator
		{E2ABE20B-89B0-4465-AB37-4ACDD297E0DC}.Debug|iPhoneSimulator.Build.0 = Debug|iPhoneSimulator
		{E2ABE20B-89B0-4465-AB37-4ACDD297E0DC}.Debug|iPhoneSimulator.Deploy.0 = Debug|iPhoneSimulator
		{E2ABE20B-89B0-4465-AB37-4ACDD297E0DC}.Debug|x64.ActiveCfg = Debug|iPhone
		{E2ABE20B-89B0-4465-AB37-4ACDD297E0DC}.Debug|x64.Build.0 = Debug|iPhone
		{E2ABE20B-89B0-4465-AB37-4ACDD297E0DC}.Debug|x64.Deploy.0 = Debug|iPhone
		{E2ABE20B-89B0-4465-AB37-4ACDD297E0DC}.Debug|x86.ActiveCfg = Debug|iPhone
		{E2ABE20B-89B0-4465-AB37-4ACDD297E0DC}.Debug|x86.Build.0 = Debug|iPhone
		{E2ABE20B-89B0-4465-AB37-4ACDD297E0DC}.Debug|x86.Deploy.0 = Debug|iPhone
		{E2ABE20B-89B0-4465-AB37-4ACDD297E0DC}.Release|Any CPU.ActiveCfg = Release|iPhone
		{E2ABE20B-89B0-4465-AB37-4ACDD297E0DC}.Release|Any CPU.Build.0 = Release|iPhone
		{E2ABE20B-89B0-4465-AB37-4ACDD297E0DC}.Release|Any CPU.Deploy.0 = Release|iPhone
		{E2ABE20B-89B0-4465-AB37-4ACDD297E0DC}.Release|ARM.ActiveCfg = Release|iPhone
		{E2ABE20B-89B0-4465-AB37-4ACDD297E0DC}.Release|ARM.Build.0 = Release|iPhone
		{E2ABE20B-89B0-4465-AB37-4ACDD297E0DC}.Release|ARM.Deploy.0 = Release|iPhone
		{E2ABE20B-89B0-4465-AB37-4ACDD297E0DC}.Release|iPhone.ActiveCfg = Release|iPhone
		{E2ABE20B-89B0-4465-AB37-4ACDD297E0DC}.Release|iPhone.Build.0 = Release|iPhone
		{E2ABE20B-89B0-4465-AB37-4ACDD297E0DC}.Release|iPhone.Deploy.0 = Release|iPhone
		{E2ABE20B-89B0-4465-AB37-4ACDD297E0DC}.Release|iPhoneSimulator.ActiveCfg = Release|iPhoneSimulator
		{E2ABE20B-89B0-4465-AB37-4ACDD297E0DC}.Release|iPhoneSimulator.Build.0 = Release|iPhoneSimulator
		{E2ABE20B-89B0-4465-AB37-4ACDD297E0DC}.Release|iPhoneSimulator.Deploy.0 = Release|iPhoneSimulator
		{E2ABE20B-89B0-4465-AB37-4ACDD297E0DC}.Release|x64.ActiveCfg = Release|iPhone
		{E2ABE20B-89B0-4465-AB37-4ACDD297E0DC}.Release|x64.Build.0 = Release|iPhone
		{E2ABE20B-89B0-4465-AB37-4ACDD297E0DC}.Release|x64.Deploy.0 = Release|iPhone
		{E2ABE20B-89B0-4465-AB37-4ACDD297E0DC}.Release|x86.ActiveCfg = Release|iPhone
		{E2ABE20B-89B0-4465-AB37-4ACDD297E0DC}.Release|x86.Build.0 = Release|iPhone
		{E2ABE20B-89B0-4465-AB37-4ACDD297E0DC}.Release|x86.Deploy.0 = Release|iPhone
		{CBD1F2FA-B204-4147-B259-CB32B64F5D8B}.Debug|Any CPU.ActiveCfg = Debug|Any CPU
		{CBD1F2FA-B204-4147-B259-CB32B64F5D8B}.Debug|Any CPU.Build.0 = Debug|Any CPU
		{CBD1F2FA-B204-4147-B259-CB32B64F5D8B}.Debug|Any CPU.Deploy.0 = Debug|Any CPU
		{CBD1F2FA-B204-4147-B259-CB32B64F5D8B}.Debug|ARM.ActiveCfg = Debug|Any CPU
		{CBD1F2FA-B204-4147-B259-CB32B64F5D8B}.Debug|ARM.Build.0 = Debug|Any CPU
		{CBD1F2FA-B204-4147-B259-CB32B64F5D8B}.Debug|ARM.Deploy.0 = Debug|Any CPU
		{CBD1F2FA-B204-4147-B259-CB32B64F5D8B}.Debug|iPhone.ActiveCfg = Debug|Any CPU
		{CBD1F2FA-B204-4147-B259-CB32B64F5D8B}.Debug|iPhone.Build.0 = Debug|Any CPU
		{CBD1F2FA-B204-4147-B259-CB32B64F5D8B}.Debug|iPhone.Deploy.0 = Debug|Any CPU
		{CBD1F2FA-B204-4147-B259-CB32B64F5D8B}.Debug|iPhoneSimulator.ActiveCfg = Debug|Any CPU
		{CBD1F2FA-B204-4147-B259-CB32B64F5D8B}.Debug|iPhoneSimulator.Build.0 = Debug|Any CPU
		{CBD1F2FA-B204-4147-B259-CB32B64F5D8B}.Debug|iPhoneSimulator.Deploy.0 = Debug|Any CPU
		{CBD1F2FA-B204-4147-B259-CB32B64F5D8B}.Debug|x64.ActiveCfg = Debug|Any CPU
		{CBD1F2FA-B204-4147-B259-CB32B64F5D8B}.Debug|x64.Build.0 = Debug|Any CPU
		{CBD1F2FA-B204-4147-B259-CB32B64F5D8B}.Debug|x64.Deploy.0 = Debug|Any CPU
		{CBD1F2FA-B204-4147-B259-CB32B64F5D8B}.Debug|x86.ActiveCfg = Debug|Any CPU
		{CBD1F2FA-B204-4147-B259-CB32B64F5D8B}.Debug|x86.Build.0 = Debug|Any CPU
		{CBD1F2FA-B204-4147-B259-CB32B64F5D8B}.Debug|x86.Deploy.0 = Debug|Any CPU
		{CBD1F2FA-B204-4147-B259-CB32B64F5D8B}.Release|Any CPU.ActiveCfg = Release|Any CPU
		{CBD1F2FA-B204-4147-B259-CB32B64F5D8B}.Release|Any CPU.Build.0 = Release|Any CPU
		{CBD1F2FA-B204-4147-B259-CB32B64F5D8B}.Release|Any CPU.Deploy.0 = Release|Any CPU
		{CBD1F2FA-B204-4147-B259-CB32B64F5D8B}.Release|ARM.ActiveCfg = Release|Any CPU
		{CBD1F2FA-B204-4147-B259-CB32B64F5D8B}.Release|ARM.Build.0 = Release|Any CPU
		{CBD1F2FA-B204-4147-B259-CB32B64F5D8B}.Release|ARM.Deploy.0 = Release|Any CPU
		{CBD1F2FA-B204-4147-B259-CB32B64F5D8B}.Release|iPhone.ActiveCfg = Release|Any CPU
		{CBD1F2FA-B204-4147-B259-CB32B64F5D8B}.Release|iPhone.Build.0 = Release|Any CPU
		{CBD1F2FA-B204-4147-B259-CB32B64F5D8B}.Release|iPhone.Deploy.0 = Release|Any CPU
		{CBD1F2FA-B204-4147-B259-CB32B64F5D8B}.Release|iPhoneSimulator.ActiveCfg = Release|Any CPU
		{CBD1F2FA-B204-4147-B259-CB32B64F5D8B}.Release|iPhoneSimulator.Build.0 = Release|Any CPU
		{CBD1F2FA-B204-4147-B259-CB32B64F5D8B}.Release|iPhoneSimulator.Deploy.0 = Release|Any CPU
		{CBD1F2FA-B204-4147-B259-CB32B64F5D8B}.Release|x64.ActiveCfg = Release|Any CPU
		{CBD1F2FA-B204-4147-B259-CB32B64F5D8B}.Release|x64.Build.0 = Release|Any CPU
		{CBD1F2FA-B204-4147-B259-CB32B64F5D8B}.Release|x64.Deploy.0 = Release|Any CPU
		{CBD1F2FA-B204-4147-B259-CB32B64F5D8B}.Release|x86.ActiveCfg = Release|Any CPU
		{CBD1F2FA-B204-4147-B259-CB32B64F5D8B}.Release|x86.Build.0 = Release|Any CPU
		{CBD1F2FA-B204-4147-B259-CB32B64F5D8B}.Release|x86.Deploy.0 = Release|Any CPU
	EndGlobalSection
	GlobalSection(SolutionProperties) = preSolution
		HideSolutionNode = FALSE
	EndGlobalSection
	GlobalSection(ExtensibilityGlobals) = postSolution
		SolutionGuid = {AF294A99-DB2F-4C91-9A36-DBE05D62D857}
	EndGlobalSection
EndGlobal
